
Microsoft Visual Studio Solution File, Format Version 12.00
# Visual Studio Version 16
VisualStudioVersion = 16.0.29806.167
MinimumVisualStudioVersion = 10.0.40219.1
Project("{FAE04EC0-301F-11D3-BF4B-00C04F79EFBC}") = "NasaInfoViewer", "NasaInfoViewer\NasaInfoViewer.csproj", "{219A2C6E-7830-47E6-8A20-A517F6D2D9F7}"
EndProject
Global
	GlobalSection(SolutionConfigurationPlatforms) = preSolution
		Debug|Any CPU = Debug|Any CPU
		Release|Any CPU = Release|Any CPU
	EndGlobalSection
	GlobalSection(ProjectConfigurationPlatforms) = postSolution
		{219A2C6E-7830-47E6-8A20-A517F6D2D9F7}.Debug|Any CPU.ActiveCfg = Debug|Any CPU
		{219A2C6E-7830-47E6-8A20-A517F6D2D9F7}.Debug|Any CPU.Build.0 = Debug|Any CPU
		{219A2C6E-7830-47E6-8A20-A517F6D2D9F7}.Release|Any CPU.ActiveCfg = Release|Any CPU
		{219A2C6E-7830-47E6-8A20-A517F6D2D9F7}.Release|Any CPU.Build.0 = Release|Any CPU
	EndGlobalSection
	GlobalSection(SolutionProperties) = preSolution
		HideSolutionNode = FALSE
	EndGlobalSection
	GlobalSection(ExtensibilityGlobals) = postSolution
		SolutionGuid = {D6B53D7F-5F35-4011-A376-21539B3DB232}
	EndGlobalSection
EndGlobal
